// !$*UTF8*$!
{
	archiveVersion = 1;
	classes = {
	};
	objectVersion = 50;
	objects = {

/* Begin PBXBuildFile section */
		DEABBDDA26C6868D005425F9 /* AppDelegate.swift in Sources */ = {isa = PBXBuildFile; fileRef = DEABBDD926C6868D005425F9 /* AppDelegate.swift */; };
		DEABBDDC26C6868D005425F9 /* SceneDelegate.swift in Sources */ = {isa = PBXBuildFile; fileRef = DEABBDDB26C6868D005425F9 /* SceneDelegate.swift */; };
		DEABBDDE26C6868D005425F9 /* ViewController.swift in Sources */ = {isa = PBXBuildFile; fileRef = DEABBDDD26C6868D005425F9 /* ViewController.swift */; };
		DEABBDE126C6868D005425F9 /* Main.storyboard in Resources */ = {isa = PBXBuildFile; fileRef = DEABBDDF26C6868D005425F9 /* Main.storyboard */; };
		DEABBDE326C68691005425F9 /* Assets.xcassets in Resources */ = {isa = PBXBuildFile; fileRef = DEABBDE226C68691005425F9 /* Assets.xcassets */; };
		DEABBDE626C68691005425F9 /* LaunchScreen.storyboard in Resources */ = {isa = PBXBuildFile; fileRef = DEABBDE426C68691005425F9 /* LaunchScreen.storyboard */; };
		DEABBE8726C68B28005425F9 /* Calculator.swift in Sources */ = {isa = PBXBuildFile; fileRef = DEABBE8626C68B28005425F9 /* Calculator.swift */; };
		DEABBE9726C68CA8005425F9 /* CalculatorSpec.swift in Sources */ = {isa = PBXBuildFile; fileRef = DEABBDF026C68691005425F9 /* CalculatorSpec.swift */; };
/* End PBXBuildFile section */

/* Begin PBXContainerItemProxy section */
		DEABBE9226C68C9C005425F9 /* PBXContainerItemProxy */ = {
			isa = PBXContainerItemProxy;
			containerPortal = DEABBDCE26C6868D005425F9 /* Project object */;
			proxyType = 1;
			remoteGlobalIDString = DEABBDD526C6868D005425F9;
			remoteInfo = TestCI;
		};
/* End PBXContainerItemProxy section */

/* Begin PBXCopyFilesBuildPhase section */
		DEABBE4726C688E7005425F9 /* Embed App Clips */ = {
			isa = PBXCopyFilesBuildPhase;
			buildActionMask = 2147483647;
			dstPath = "$(CONTENTS_FOLDER_PATH)/AppClips";
			dstSubfolderSpec = 16;
			files = (
			);
			name = "Embed App Clips";
			runOnlyForDeploymentPostprocessing = 0;
		};
/* End PBXCopyFilesBuildPhase section */

/* Begin PBXFileReference section */
		DEABBDD626C6868D005425F9 /* TestCI.app */ = {isa = PBXFileReference; explicitFileType = wrapper.application; includeInIndex = 0; name = TestCI.app; path = "/Users/mykola_zhurba/Desktop/TestCI/build/Debug-iphoneos/TestCI.app"; sourceTree = "<absolute>"; };
		DEABBDD926C6868D005425F9 /* AppDelegate.swift */ = {isa = PBXFileReference; lastKnownFileType = sourcecode.swift; path = AppDelegate.swift; sourceTree = "<group>"; };
		DEABBDDB26C6868D005425F9 /* SceneDelegate.swift */ = {isa = PBXFileReference; lastKnownFileType = sourcecode.swift; path = SceneDelegate.swift; sourceTree = "<group>"; };
		DEABBDDD26C6868D005425F9 /* ViewController.swift */ = {isa = PBXFileReference; lastKnownFileType = sourcecode.swift; path = ViewController.swift; sourceTree = "<group>"; };
		DEABBDE026C6868D005425F9 /* Base */ = {isa = PBXFileReference; lastKnownFileType = file.storyboard; name = Base; path = Base.lproj/Main.storyboard; sourceTree = "<group>"; };
		DEABBDE226C68691005425F9 /* Assets.xcassets */ = {isa = PBXFileReference; lastKnownFileType = folder.assetcatalog; path = Assets.xcassets; sourceTree = "<group>"; };
		DEABBDE526C68691005425F9 /* Base */ = {isa = PBXFileReference; lastKnownFileType = file.storyboard; name = Base; path = Base.lproj/LaunchScreen.storyboard; sourceTree = "<group>"; };
		DEABBDE726C68691005425F9 /* Info.plist */ = {isa = PBXFileReference; lastKnownFileType = text.plist.xml; path = Info.plist; sourceTree = "<group>"; };
		DEABBDF026C68691005425F9 /* CalculatorSpec.swift */ = {isa = PBXFileReference; lastKnownFileType = sourcecode.swift; path = CalculatorSpec.swift; sourceTree = "<group>"; };
		DEABBE8626C68B28005425F9 /* Calculator.swift */ = {isa = PBXFileReference; lastKnownFileType = sourcecode.swift; path = Calculator.swift; sourceTree = "<group>"; };
		DEABBE8D26C68C9C005425F9 /* TestCITests.xctest */ = {isa = PBXFileReference; explicitFileType = wrapper.cfbundle; includeInIndex = 0; name = TestCITests.xctest; path = "/Users/mykola_zhurba/Desktop/TestCI/build/Debug-iphoneos/TestCITests.xctest"; sourceTree = "<absolute>"; };
/* End PBXFileReference section */

/* Begin PBXFrameworksBuildPhase section */
		DEABBDD326C6868D005425F9 /* Frameworks */ = {
			isa = PBXFrameworksBuildPhase;
			buildActionMask = 2147483647;
			files = (
			);
			runOnlyForDeploymentPostprocessing = 0;
		};
		DEABBE8A26C68C9C005425F9 /* Frameworks */ = {
			isa = PBXFrameworksBuildPhase;
			buildActionMask = 2147483647;
			files = (
			);
			runOnlyForDeploymentPostprocessing = 0;
		};
/* End PBXFrameworksBuildPhase section */

/* Begin PBXGroup section */
		DEABBDCD26C6868D005425F9 = {
			isa = PBXGroup;
			children = (
				DEABBDD826C6868D005425F9 /* TestCI */,
			);
			sourceTree = "<group>";
		};
		DEABBDD826C6868D005425F9 /* TestCI */ = {
			isa = PBXGroup;
			children = (
				DEABBE0926C6870D005425F9 /* Test */,
				DEABBDD926C6868D005425F9 /* AppDelegate.swift */,
				DEABBDDB26C6868D005425F9 /* SceneDelegate.swift */,
				DEABBDDD26C6868D005425F9 /* ViewController.swift */,
				DEABBE8626C68B28005425F9 /* Calculator.swift */,
				DEABBDDF26C6868D005425F9 /* Main.storyboard */,
				DEABBDE226C68691005425F9 /* Assets.xcassets */,
				DEABBDE426C68691005425F9 /* LaunchScreen.storyboard */,
				DEABBDE726C68691005425F9 /* Info.plist */,
			);
			path = TestCI;
			sourceTree = "<group>";
		};
		DEABBE0926C6870D005425F9 /* Test */ = {
			isa = PBXGroup;
			children = (
				DEABBDF026C68691005425F9 /* CalculatorSpec.swift */,
			);
			path = Test;
			sourceTree = "<group>";
		};
/* End PBXGroup section */

/* Begin PBXNativeTarget section */
		DEABBDD526C6868D005425F9 /* TestCI */ = {
			isa = PBXNativeTarget;
			buildConfigurationList = DEABBE0026C68691005425F9 /* Build configuration list for PBXNativeTarget "TestCI" */;
			buildPhases = (
				DEABBDD226C6868D005425F9 /* Sources */,
				DEABBDD326C6868D005425F9 /* Frameworks */,
				DEABBDD426C6868D005425F9 /* Resources */,
				DEABBE4726C688E7005425F9 /* Embed App Clips */,
			);
			buildRules = (
			);
			dependencies = (
			);
			name = TestCI;
			productName = TestCI;
			productReference = DEABBDD626C6868D005425F9 /* TestCI.app */;
			productType = "com.apple.product-type.application";
		};
		DEABBE8C26C68C9C005425F9 /* TestCITests */ = {
			isa = PBXNativeTarget;
			buildConfigurationList = DEABBE9426C68C9C005425F9 /* Build configuration list for PBXNativeTarget "TestCITests" */;
			buildPhases = (
				DEABBE8926C68C9C005425F9 /* Sources */,
				DEABBE8A26C68C9C005425F9 /* Frameworks */,
				DEABBE8B26C68C9C005425F9 /* Resources */,
			);
			buildRules = (
			);
			dependencies = (
				DEABBE9326C68C9C005425F9 /* PBXTargetDependency */,
			);
			name = TestCITests;
			productName = TestCITests;
			productReference = DEABBE8D26C68C9C005425F9 /* TestCITests.xctest */;
			productType = "com.apple.product-type.bundle.unit-test";
		};
/* End PBXNativeTarget section */

/* Begin PBXProject section */
		DEABBDCE26C6868D005425F9 /* Project object */ = {
			isa = PBXProject;
			attributes = {
				LastSwiftUpdateCheck = 1250;
				LastUpgradeCheck = 1250;
				TargetAttributes = {
					DEABBDD526C6868D005425F9 = {
						CreatedOnToolsVersion = 12.5.1;
					};
					DEABBE8C26C68C9C005425F9 = {
						CreatedOnToolsVersion = 12.5.1;
						TestTargetID = DEABBDD526C6868D005425F9;
					};
				};
			};
			buildConfigurationList = DEABBDD126C6868D005425F9 /* Build configuration list for PBXProject "TestCI" */;
			compatibilityVersion = "Xcode 9.3";
			developmentRegion = en;
			hasScannedForEncodings = 0;
			knownRegions = (
				en,
				Base,
			);
			mainGroup = DEABBDCD26C6868D005425F9;
			productRefGroup = DEABBDCD26C6868D005425F9;
			projectDirPath = "";
			projectRoot = "";
			targets = (
				DEABBDD526C6868D005425F9 /* TestCI */,
				DEABBE8C26C68C9C005425F9 /* TestCITests */,
			);
		};
/* End PBXProject section */

/* Begin PBXResourcesBuildPhase section */
		DEABBDD426C6868D005425F9 /* Resources */ = {
			isa = PBXResourcesBuildPhase;
			buildActionMask = 2147483647;
			files = (
				DEABBDE626C68691005425F9 /* LaunchScreen.storyboard in Resources */,
				DEABBDE326C68691005425F9 /* Assets.xcassets in Resources */,
				DEABBDE126C6868D005425F9 /* Main.storyboard in Resources */,
			);
			runOnlyForDeploymentPostprocessing = 0;
		};
		DEABBE8B26C68C9C005425F9 /* Resources */ = {
			isa = PBXResourcesBuildPhase;
			buildActionMask = 2147483647;
			files = (
			);
			runOnlyForDeploymentPostprocessing = 0;
		};
/* End PBXResourcesBuildPhase section */

/* Begin PBXSourcesBuildPhase section */
		DEABBDD226C6868D005425F9 /* Sources */ = {
			isa = PBXSourcesBuildPhase;
			buildActionMask = 2147483647;
			files = (
				DEABBDDE26C6868D005425F9 /* ViewController.swift in Sources */,
				DEABBE8726C68B28005425F9 /* Calculator.swift in Sources */,
				DEABBDDA26C6868D005425F9 /* AppDelegate.swift in Sources */,
				DEABBDDC26C6868D005425F9 /* SceneDelegate.swift in Sources */,
			);
			runOnlyForDeploymentPostprocessing = 0;
		};
		DEABBE8926C68C9C005425F9 /* Sources */ = {
			isa = PBXSourcesBuildPhase;
			buildActionMask = 2147483647;
			files = (
				DEABBE9726C68CA8005425F9 /* CalculatorSpec.swift in Sources */,
			);
			runOnlyForDeploymentPostprocessing = 0;
		};
/* End PBXSourcesBuildPhase section */

/* Begin PBXTargetDependency section */
		DEABBE9326C68C9C005425F9 /* PBXTargetDependency */ = {
			isa = PBXTargetDependency;
			target = DEABBDD526C6868D005425F9 /* TestCI */;
			targetProxy = DEABBE9226C68C9C005425F9 /* PBXContainerItemProxy */;
		};
/* End PBXTargetDependency section */

/* Begin PBXVariantGroup section */
		DEABBDDF26C6868D005425F9 /* Main.storyboard */ = {
			isa = PBXVariantGroup;
			children = (
				DEABBDE026C6868D005425F9 /* Base */,
			);
			name = Main.storyboard;
			sourceTree = "<group>";
		};
		DEABBDE426C68691005425F9 /* LaunchScreen.storyboard */ = {
			isa = PBXVariantGroup;
			children = (
				DEABBDE526C68691005425F9 /* Base */,
			);
			name = LaunchScreen.storyboard;
			sourceTree = "<group>";
		};
/* End PBXVariantGroup section */

/* Begin XCBuildConfiguration section */
		DEABBDFE26C68691005425F9 /* Debug */ = {
			isa = XCBuildConfiguration;
			buildSettings = {
				ALWAYS_SEARCH_USER_PATHS = NO;
				CLANG_ANALYZER_NONNULL = YES;
				CLANG_ANALYZER_NUMBER_OBJECT_CONVERSION = YES_AGGRESSIVE;
				CLANG_CXX_LANGUAGE_STANDARD = "gnu++14";
				CLANG_CXX_LIBRARY = "libc++";
				CLANG_ENABLE_MODULES = YES;
				CLANG_ENABLE_OBJC_ARC = YES;
				CLANG_ENABLE_OBJC_WEAK = YES;
				CLANG_WARN_BLOCK_CAPTURE_AUTORELEASING = YES;
				CLANG_WARN_BOOL_CONVERSION = YES;
				CLANG_WARN_COMMA = YES;
				CLANG_WARN_CONSTANT_CONVERSION = YES;
				CLANG_WARN_DEPRECATED_OBJC_IMPLEMENTATIONS = YES;
				CLANG_WARN_DIRECT_OBJC_ISA_USAGE = YES_ERROR;
				CLANG_WARN_DOCUMENTATION_COMMENTS = YES;
				CLANG_WARN_EMPTY_BODY = YES;
				CLANG_WARN_ENUM_CONVERSION = YES;
				CLANG_WARN_INFINITE_RECURSION = YES;
				CLANG_WARN_INT_CONVERSION = YES;
				CLANG_WARN_NON_LITERAL_NULL_CONVERSION = YES;
				CLANG_WARN_OBJC_IMPLICIT_RETAIN_SELF = YES;
				CLANG_WARN_OBJC_LITERAL_CONVERSION = YES;
				CLANG_WARN_OBJC_ROOT_CLASS = YES_ERROR;
				CLANG_WARN_QUOTED_INCLUDE_IN_FRAMEWORK_HEADER = YES;
				CLANG_WARN_RANGE_LOOP_ANALYSIS = YES;
				CLANG_WARN_STRICT_PROTOTYPES = YES;
				CLANG_WARN_SUSPICIOUS_MOVE = YES;
				CLANG_WARN_UNGUARDED_AVAILABILITY = YES_AGGRESSIVE;
				CLANG_WARN_UNREACHABLE_CODE = YES;
				CLANG_WARN__DUPLICATE_METHOD_MATCH = YES;
				COPY_PHASE_STRIP = NO;
				DEBUG_INFORMATION_FORMAT = dwarf;
				ENABLE_STRICT_OBJC_MSGSEND = YES;
				ENABLE_TESTABILITY = YES;
				GCC_C_LANGUAGE_STANDARD = gnu11;
				GCC_DYNAMIC_NO_PIC = NO;
				GCC_NO_COMMON_BLOCKS = YES;
				GCC_OPTIMIZATION_LEVEL = 0;
				GCC_PREPROCESSOR_DEFINITIONS = (
					"DEBUG=1",
					"$(inherited)",
				);
				GCC_WARN_64_TO_32_BIT_CONVERSION = YES;
				GCC_WARN_ABOUT_RETURN_TYPE = YES_ERROR;
				GCC_WARN_UNDECLARED_SELECTOR = YES;
				GCC_WARN_UNINITIALIZED_AUTOS = YES_AGGRESSIVE;
				GCC_WARN_UNUSED_FUNCTION = YES;
				GCC_WARN_UNUSED_VARIABLE = YES;
				IPHONEOS_DEPLOYMENT_TARGET = 14.5;
				MTL_ENABLE_DEBUG_INFO = INCLUDE_SOURCE;
				MTL_FAST_MATH = YES;
				ONLY_ACTIVE_ARCH = YES;
				SDKROOT = iphoneos;
				SWIFT_ACTIVE_COMPILATION_CONDITIONS = DEBUG;
				SWIFT_OPTIMIZATION_LEVEL = "-Onone";
			};
			name = Debug;
		};
		DEABBDFF26C68691005425F9 /* Release */ = {
			isa = XCBuildConfiguration;
			buildSettings = {
				ALWAYS_SEARCH_USER_PATHS = NO;
				CLANG_ANALYZER_NONNULL = YES;
				CLANG_ANALYZER_NUMBER_OBJECT_CONVERSION = YES_AGGRESSIVE;
				CLANG_CXX_LANGUAGE_STANDARD = "gnu++14";
				CLANG_CXX_LIBRARY = "libc++";
				CLANG_ENABLE_MODULES = YES;
				CLANG_ENABLE_OBJC_ARC = YES;
				CLANG_ENABLE_OBJC_WEAK = YES;
				CLANG_WARN_BLOCK_CAPTURE_AUTORELEASING = YES;
				CLANG_WARN_BOOL_CONVERSION = YES;
				CLANG_WARN_COMMA = YES;
				CLANG_WARN_CONSTANT_CONVERSION = YES;
				CLANG_WARN_DEPRECATED_OBJC_IMPLEMENTATIONS = YES;
				CLANG_WARN_DIRECT_OBJC_ISA_USAGE = YES_ERROR;
				CLANG_WARN_DOCUMENTATION_COMMENTS = YES;
				CLANG_WARN_EMPTY_BODY = YES;
				CLANG_WARN_ENUM_CONVERSION = YES;
				CLANG_WARN_INFINITE_RECURSION = YES;
				CLANG_WARN_INT_CONVERSION = YES;
				CLANG_WARN_NON_LITERAL_NULL_CONVERSION = YES;
				CLANG_WARN_OBJC_IMPLICIT_RETAIN_SELF = YES;
				CLANG_WARN_OBJC_LITERAL_CONVERSION = YES;
				CLANG_WARN_OBJC_ROOT_CLASS = YES_ERROR;
				CLANG_WARN_QUOTED_INCLUDE_IN_FRAMEWORK_HEADER = YES;
				CLANG_WARN_RANGE_LOOP_ANALYSIS = YES;
				CLANG_WARN_STRICT_PROTOTYPES = YES;
				CLANG_WARN_SUSPICIOUS_MOVE = YES;
				CLANG_WARN_UNGUARDED_AVAILABILITY = YES_AGGRESSIVE;
				CLANG_WARN_UNREACHABLE_CODE = YES;
				CLANG_WARN__DUPLICATE_METHOD_MATCH = YES;
				COPY_PHASE_STRIP = NO;
				DEBUG_INFORMATION_FORMAT = "dwarf-with-dsym";
				ENABLE_NS_ASSERTIONS = NO;
				ENABLE_STRICT_OBJC_MSGSEND = YES;
				GCC_C_LANGUAGE_STANDARD = gnu11;
				GCC_NO_COMMON_BLOCKS = YES;
				GCC_WARN_64_TO_32_BIT_CONVERSION = YES;
				GCC_WARN_ABOUT_RETURN_TYPE = YES_ERROR;
				GCC_WARN_UNDECLARED_SELECTOR = YES;
				GCC_WARN_UNINITIALIZED_AUTOS = YES_AGGRESSIVE;
				GCC_WARN_UNUSED_FUNCTION = YES;
				GCC_WARN_UNUSED_VARIABLE = YES;
				IPHONEOS_DEPLOYMENT_TARGET = 14.5;
				MTL_ENABLE_DEBUG_INFO = NO;
				MTL_FAST_MATH = YES;
				SDKROOT = iphoneos;
				SWIFT_COMPILATION_MODE = wholemodule;
				SWIFT_OPTIMIZATION_LEVEL = "-O";
				VALIDATE_PRODUCT = YES;
			};
			name = Release;
		};
		DEABBE0126C68691005425F9 /* Debug */ = {
			isa = XCBuildConfiguration;
			buildSettings = {
				ASSETCATALOG_COMPILER_APPICON_NAME = AppIcon;
				ASSETCATALOG_COMPILER_GLOBAL_ACCENT_COLOR_NAME = AccentColor;
				CODE_SIGN_STYLE = Automatic;
				DEVELOPMENT_TEAM = LA74W2Y6CY;
				INFOPLIST_FILE = TestCI/Info.plist;
				LD_RUNPATH_SEARCH_PATHS = (
					"$(inherited)",
					"@executable_path/Frameworks",
				);
				PRODUCT_BUNDLE_IDENTIFIER = com.mzhurba.TestCI;
				PRODUCT_NAME = "$(TARGET_NAME)";
				SWIFT_VERSION = 5.0;
				TARGETED_DEVICE_FAMILY = "1,2";
			};
			name = Debug;
		};
		DEABBE0226C68691005425F9 /* Release */ = {
			isa = XCBuildConfiguration;
			buildSettings = {
				ASSETCATALOG_COMPILER_APPICON_NAME = AppIcon;
				ASSETCATALOG_COMPILER_GLOBAL_ACCENT_COLOR_NAME = AccentColor;
				CODE_SIGN_STYLE = Automatic;
				DEVELOPMENT_TEAM = LA74W2Y6CY;
				INFOPLIST_FILE = TestCI/Info.plist;
				LD_RUNPATH_SEARCH_PATHS = (
					"$(inherited)",
					"@executable_path/Frameworks",
				);
				PRODUCT_BUNDLE_IDENTIFIER = com.mzhurba.TestCI;
				PRODUCT_NAME = "$(TARGET_NAME)";
				SWIFT_VERSION = 5.0;
				TARGETED_DEVICE_FAMILY = "1,2";
			};
			name = Release;
		};
		DEABBE9526C68C9C005425F9 /* Debug */ = {
			isa = XCBuildConfiguration;
			buildSettings = {
				BUNDLE_LOADER = "$(TEST_HOST)";
				CODE_SIGN_STYLE = Automatic;
				DEVELOPMENT_TEAM = LA74W2Y6CY;
				INFOPLIST_FILE = TestCITests/Info.plist;
				LD_RUNPATH_SEARCH_PATHS = (
					"$(inherited)",
					"@executable_path/Frameworks",
					"@loader_path/Frameworks",
				);
				PRODUCT_BUNDLE_IDENTIFIER = com.mzhurba.TestCITests;
				PRODUCT_NAME = "$(TARGET_NAME)";
				SWIFT_VERSION = 5.0;
				TARGETED_DEVICE_FAMILY = "1,2";
				TEST_HOST = "$(BUILT_PRODUCTS_DIR)/TestCI.app/TestCI";
			};
			name = Debug;
		};
		DEABBE9626C68C9C005425F9 /* Release */ = {
			isa = XCBuildConfiguration;
			buildSettings = {
				BUNDLE_LOADER = "$(TEST_HOST)";
				CODE_SIGN_STYLE = Automatic;
				DEVELOPMENT_TEAM = LA74W2Y6CY;
				INFOPLIST_FILE = TestCITests/Info.plist;
				LD_RUNPATH_SEARCH_PATHS = (
					"$(inherited)",
					"@executable_path/Frameworks",
					"@loader_path/Frameworks",
				);
				PRODUCT_BUNDLE_IDENTIFIER = com.mzhurba.TestCITests;
				PRODUCT_NAME = "$(TARGET_NAME)";
				SWIFT_VERSION = 5.0;
				TARGETED_DEVICE_FAMILY = "1,2";
				TEST_HOST = "$(BUILT_PRODUCTS_DIR)/TestCI.app/TestCI";
			};
			name = Release;
		};
/* End XCBuildConfiguration section */

/* Begin XCConfigurationList section */
		DEABBDD126C6868D005425F9 /* Build configuration list for PBXProject "TestCI" */ = {
			isa = XCConfigurationList;
			buildConfigurations = (
				DEABBDFE26C68691005425F9 /* Debug */,
				DEABBDFF26C68691005425F9 /* Release */,
			);
			defaultConfigurationIsVisible = 0;
			defaultConfigurationName = Release;
		};
		DEABBE0026C68691005425F9 /* Build configuration list for PBXNativeTarget "TestCI" */ = {
			isa = XCConfigurationList;
			buildConfigurations = (
				DEABBE0126C68691005425F9 /* Debug */,
				DEABBE0226C68691005425F9 /* Release */,
			);
			defaultConfigurationIsVisible = 0;
			defaultConfigurationName = Release;
		};
		DEABBE9426C68C9C005425F9 /* Build configuration list for PBXNativeTarget "TestCITests" */ = {
			isa = XCConfigurationList;
			buildConfigurations = (
				DEABBE9526C68C9C005425F9 /* Debug */,
				DEABBE9626C68C9C005425F9 /* Release */,
			);
			defaultConfigurationIsVisible = 0;
			defaultConfigurationName = Release;
		};
/* End XCConfigurationList section */
	};
	rootObject = DEABBDCE26C6868D005425F9 /* Project object */;
}
